
Microsoft Visual Studio Solution File, Format Version 12.00
# Visual Studio Version 17
VisualStudioVersion = 17.8.34004.107
MinimumVisualStudioVersion = 10.0.40219.1
Project("{FAE04EC0-301F-11D3-BF4B-00C04F79EFBC}") = "Lab5", "Lab5.csproj", "{9570509B-5E4F-4129-9446-F81FDF8146F6}"
EndProject
Global
	GlobalSection(SolutionConfigurationPlatforms) = preSolution
		Debug|Any CPU = Debug|Any CPU
		Release|Any CPU = Release|Any CPU
	EndGlobalSection
	GlobalSection(ProjectConfigurationPlatforms) = postSolution
		{9570509B-5E4F-4129-9446-F81FDF8146F6}.Debug|Any CPU.ActiveCfg = Debug|Any CPU
		{9570509B-5E4F-4129-9446-F81FDF8146F6}.Debug|Any CPU.Build.0 = Debug|Any CPU
		{9570509B-5E4F-4129-9446-F81FDF8146F6}.Release|Any CPU.ActiveCfg = Release|Any CPU
		{9570509B-5E4F-4129-9446-F81FDF8146F6}.Release|Any CPU.Build.0 = Release|Any CPU
	EndGlobalSection
	GlobalSection(SolutionProperties) = preSolution
		HideSolutionNode = FALSE
	EndGlobalSection
	GlobalSection(ExtensibilityGlobals) = postSolution
		SolutionGuid = {F6AE52C5-D797-402A-9726-B74AFA31151A}
	EndGlobalSection
EndGlobal
